// !$*UTF8*$!
{
	archiveVersion = 1;
	classes = {
	};
	objectVersion = 46;
	objects = {

/* Begin PBXBuildFile section */
		04D96E64161612B9007C132F /* main.c in Sources */ = {isa = PBXBuildFile; fileRef = 04D96E63161612B9007C132F /* main.c */; };
		04D96E66161612B9007C132F /* tictactoe.1 in CopyFiles */ = {isa = PBXBuildFile; fileRef = 04D96E65161612B9007C132F /* tictactoe.1 */; };
/* End PBXBuildFile section */

/* Begin PBXCopyFilesBuildPhase section */
		04D96E5D161612B9007C132F /* CopyFiles */ = {
			isa = PBXCopyFilesBuildPhase;
			buildActionMask = 2147483647;
			dstPath = /usr/share/man/man1/;
			dstSubfolderSpec = 0;
			files = (
				04D96E66161612B9007C132F /* tictactoe.1 in CopyFiles */,
			);
			runOnlyForDeploymentPostprocessing = 1;
		};
/* End PBXCopyFilesBuildPhase section */

/* Begin PBXFileReference section */
		04D96E5F161612B9007C132F /* tictactoe */ = {isa = PBXFileReference; explicitFileType = "compiled.mach-o.executable"; includeInIndex = 0; path = tictactoe; sourceTree = BUILT_PRODUCTS_DIR; };
		04D96E63161612B9007C132F /* main.c */ = {isa = PBXFileReference; lastKnownFileType = sourcecode.c.c; path = main.c; sourceTree = "<group>"; };
		04D96E65161612B9007C132F /* tictactoe.1 */ = {isa = PBXFileReference; lastKnownFileType = text.man; path = tictactoe.1; sourceTree = "<group>"; };
/* End PBXFileReference section */

/* Begin PBXFrameworksBuildPhase section */
		04D96E5C161612B9007C132F /* Frameworks */ = {
			isa = PBXFrameworksBuildPhase;
			buildActionMask = 2147483647;
			files = (
			);
			runOnlyForDeploymentPostprocessing = 0;
		};
/* End PBXFrameworksBuildPhase section */

/* Begin PBXGroup section */
		04D96E54161612B9007C132F = {
			isa = PBXGroup;
			children = (
				04D96E62161612B9007C132F /* tictactoe */,
				04D96E60161612B9007C132F /* Products */,
			);
			sourceTree = "<group>";
		};
		04D96E60161612B9007C132F /* Products */ = {
			isa = PBXGroup;
			children = (
				04D96E5F161612B9007C132F /* tictactoe */,
			);
			name = Products;
			sourceTree = "<group>";
		};
		04D96E62161612B9007C132F /* tictactoe */ = {
			isa = PBXGroup;
			children = (
				04D96E63161612B9007C132F /* main.c */,
				04D96E65161612B9007C132F /* tictactoe.1 */,
			);
			path = tictactoe;
			sourceTree = "<group>";
		};
/* End PBXGroup section */

/* Begin PBXNativeTarget section */
		04D96E5E161612B9007C132F /* tictactoe */ = {
			isa = PBXNativeTarget;
			buildConfigurationList = 04D96E69161612B9007C132F /* Build configuration list for PBXNativeTarget "tictactoe" */;
			buildPhases = (
				04D96E5B161612B9007C132F /* Sources */,
				04D96E5C161612B9007C132F /* Frameworks */,
				04D96E5D161612B9007C132F /* CopyFiles */,
			);
			buildRules = (
			);
			dependencies = (
			);
			name = tictactoe;
			productName = tictactoe;
			productReference = 04D96E5F161612B9007C132F /* tictactoe */;
			productType = "com.apple.product-type.tool";
		};
/* End PBXNativeTarget section */

/* Begin PBXProject section */
		04D96E56161612B9007C132F /* Project object */ = {
			isa = PBXProject;
			attributes = {
				LastUpgradeCheck = 0450;
				ORGANIZATIONNAME = benwaffle;
			};
			buildConfigurationList = 04D96E59161612B9007C132F /* Build configuration list for PBXProject "tictactoe" */;
			compatibilityVersion = "Xcode 3.2";
			developmentRegion = English;
			hasScannedForEncodings = 0;
			knownRegions = (
				en,
			);
			mainGroup = 04D96E54161612B9007C132F;
			productRefGroup = 04D96E60161612B9007C132F /* Products */;
			projectDirPath = "";
			projectRoot = "";
			targets = (
				04D96E5E161612B9007C132F /* tictactoe */,
			);
		};
/* End PBXProject section */

/* Begin PBXSourcesBuildPhase section */
		04D96E5B161612B9007C132F /* Sources */ = {
			isa = PBXSourcesBuildPhase;
			buildActionMask = 2147483647;
			files = (
				04D96E64161612B9007C132F /* main.c in Sources */,
			);
			runOnlyForDeploymentPostprocessing = 0;
		};
/* End PBXSourcesBuildPhase section */

/* Begin XCBuildConfiguration section */
		04D96E67161612B9007C132F /* Debug */ = {
			isa = XCBuildConfiguration;
			buildSettings = {
				ALWAYS_SEARCH_USER_PATHS = NO;
				ARCHS = "$(ARCHS_STANDARD_64_BIT)";
				CLANG_CXX_LANGUAGE_STANDARD = "gnu++0x";
				CLANG_CXX_LIBRARY = "libc++";
				CLANG_WARN_EMPTY_BODY = YES;
				CLANG_WARN__DUPLICATE_METHOD_MATCH = YES;
				COPY_PHASE_STRIP = NO;
				GCC_C_LANGUAGE_STANDARD = gnu99;
				GCC_DYNAMIC_NO_PIC = NO;
				GCC_ENABLE_OBJC_EXCEPTIONS = YES;
				GCC_OPTIMIZATION_LEVEL = 0;
				GCC_PREPROCESSOR_DEFINITIONS = (
					"DEBUG=1",
					"$(inherited)",
				);
				GCC_SYMBOLS_PRIVATE_EXTERN = NO;
				GCC_WARN_64_TO_32_BIT_CONVERSION = YES;
				GCC_WARN_ABOUT_RETURN_TYPE = YES;
				GCC_WARN_UNINITIALIZED_AUTOS = YES;
				GCC_WARN_UNUSED_VARIABLE = YES;
				MACOSX_DEPLOYMENT_TARGET = 10.8;
				ONLY_ACTIVE_ARCH = YES;
				SDKROOT = macosx;
			};
			name = Debug;
		};
		04D96E68161612B9007C132F /* Release */ = {
			isa = XCBuildConfiguration;
			buildSettings = {
				ALWAYS_SEARCH_USER_PATHS = NO;
				ARCHS = "$(ARCHS_STANDARD_64_BIT)";
				CLANG_CXX_LANGUAGE_STANDARD = "gnu++0x";
				CLANG_CXX_LIBRARY = "libc++";
				CLANG_WARN_EMPTY_BODY = YES;
				CLANG_WARN__DUPLICATE_METHOD_MATCH = YES;
				COPY_PHASE_STRIP = YES;
				DEBUG_INFORMATION_FORMAT = "dwarf-with-dsym";
				GCC_C_LANGUAGE_STANDARD = gnu99;
				GCC_ENABLE_OBJC_EXCEPTIONS = YES;
				GCC_WARN_64_TO_32_BIT_CONVERSION = YES;
				GCC_WARN_ABOUT_RETURN_TYPE = YES;
				GCC_WARN_UNINITIALIZED_AUTOS = YES;
				GCC_WARN_UNUSED_VARIABLE = YES;
				MACOSX_DEPLOYMENT_TARGET = 10.8;
				SDKROOT = macosx;
			};
			name = Release;
		};
		04D96E6A161612B9007C132F /* Debug */ = {
			isa = XCBuildConfiguration;
			buildSettings = {
				PRODUCT_NAME = "$(TARGET_NAME)";
			};
			name = Debug;
		};
		04D96E6B161612B9007C132F /* Release */ = {
			isa = XCBuildConfiguration;
			buildSettings = {
				PRODUCT_NAME = "$(TARGET_NAME)";
			};
			name = Release;
		};
/* End XCBuildConfiguration section */

/* Begin XCConfigurationList section */
		04D96E59161612B9007C132F /* Build configuration list for PBXProject "tictactoe" */ = {
			isa = XCConfigurationList;
			buildConfigurations = (
				04D96E67161612B9007C132F /* Debug */,
				04D96E68161612B9007C132F /* Release */,
			);
			defaultConfigurationIsVisible = 0;
			defaultConfigurationName = Release;
		};
		04D96E69161612B9007C132F /* Build configuration list for PBXNativeTarget "tictactoe" */ = {
			isa = XCConfigurationList;
			buildConfigurations = (
				04D96E6A161612B9007C132F /* Debug */,
				04D96E6B161612B9007C132F /* Release */,
			);
			defaultConfigurationIsVisible = 0;
			defaultConfigurationName = Release;
		};
/* End XCConfigurationList section */
	};
	rootObject = 04D96E56161612B9007C132F /* Project object */;
}
